// !$*UTF8*$!
{
	archiveVersion = 1;
	classes = {
	};
	objectVersion = 46;
	objects = {

/* Begin PBXBuildFile section */
		4323040B19587FE900BA0BD8 /* main.m in Sources */ = {isa = PBXBuildFile; fileRef = 4323040A19587FE900BA0BD8 /* main.m */; };
		4323040E19587FE900BA0BD8 /* AppDelegate.m in Sources */ = {isa = PBXBuildFile; fileRef = 4323040D19587FE900BA0BD8 /* AppDelegate.m */; };
		4323041019587FE900BA0BD8 /* Images.xcassets in Resources */ = {isa = PBXBuildFile; fileRef = 4323040F19587FE900BA0BD8 /* Images.xcassets */; };
		4323041319587FE900BA0BD8 /* MainMenu.xib in Resources */ = {isa = PBXBuildFile; fileRef = 4323041119587FE900BA0BD8 /* MainMenu.xib */; };
		4323041F19587FE900BA0BD8 /* VerletParticlesTests.m in Sources */ = {isa = PBXBuildFile; fileRef = 4323041E19587FE900BA0BD8 /* VerletParticlesTests.m */; };
/* End PBXBuildFile section */

/* Begin PBXContainerItemProxy section */
		4323041919587FE900BA0BD8 /* PBXContainerItemProxy */ = {
			isa = PBXContainerItemProxy;
			containerPortal = 432303FD19587FE900BA0BD8 /* Project object */;
			proxyType = 1;
			remoteGlobalIDString = 4323040419587FE900BA0BD8;
			remoteInfo = VerletParticles;
		};
/* End PBXContainerItemProxy section */

/* Begin PBXFileReference section */
		4323040519587FE900BA0BD8 /* VerletParticles.app */ = {isa = PBXFileReference; explicitFileType = wrapper.application; includeInIndex = 0; path = VerletParticles.app; sourceTree = BUILT_PRODUCTS_DIR; };
		4323040919587FE900BA0BD8 /* Info.plist */ = {isa = PBXFileReference; lastKnownFileType = text.plist.xml; path = Info.plist; sourceTree = "<group>"; };
		4323040A19587FE900BA0BD8 /* main.m */ = {isa = PBXFileReference; lastKnownFileType = sourcecode.c.objc; path = main.m; sourceTree = "<group>"; };
		4323040C19587FE900BA0BD8 /* AppDelegate.h */ = {isa = PBXFileReference; lastKnownFileType = sourcecode.c.h; path = AppDelegate.h; sourceTree = "<group>"; };
		4323040D19587FE900BA0BD8 /* AppDelegate.m */ = {isa = PBXFileReference; lastKnownFileType = sourcecode.c.objc; path = AppDelegate.m; sourceTree = "<group>"; };
		4323040F19587FE900BA0BD8 /* Images.xcassets */ = {isa = PBXFileReference; lastKnownFileType = folder.assetcatalog; path = Images.xcassets; sourceTree = "<group>"; };
		4323041219587FE900BA0BD8 /* Base */ = {isa = PBXFileReference; lastKnownFileType = file.xib; name = Base; path = Base.lproj/MainMenu.xib; sourceTree = "<group>"; };
		4323041819587FE900BA0BD8 /* VerletParticlesTests.xctest */ = {isa = PBXFileReference; explicitFileType = wrapper.cfbundle; includeInIndex = 0; path = VerletParticlesTests.xctest; sourceTree = BUILT_PRODUCTS_DIR; };
		4323041D19587FE900BA0BD8 /* Info.plist */ = {isa = PBXFileReference; lastKnownFileType = text.plist.xml; path = Info.plist; sourceTree = "<group>"; };
		4323041E19587FE900BA0BD8 /* VerletParticlesTests.m */ = {isa = PBXFileReference; lastKnownFileType = sourcecode.c.objc; path = VerletParticlesTests.m; sourceTree = "<group>"; };
/* End PBXFileReference section */

/* Begin PBXFrameworksBuildPhase section */
		4323040219587FE900BA0BD8 /* Frameworks */ = {
			isa = PBXFrameworksBuildPhase;
			buildActionMask = 2147483647;
			files = (
			);
			runOnlyForDeploymentPostprocessing = 0;
		};
		4323041519587FE900BA0BD8 /* Frameworks */ = {
			isa = PBXFrameworksBuildPhase;
			buildActionMask = 2147483647;
			files = (
			);
			runOnlyForDeploymentPostprocessing = 0;
		};
/* End PBXFrameworksBuildPhase section */

/* Begin PBXGroup section */
		432303FC19587FE900BA0BD8 = {
			isa = PBXGroup;
			children = (
				4323040719587FE900BA0BD8 /* VerletParticles */,
				4323041B19587FE900BA0BD8 /* VerletParticlesTests */,
				4323040619587FE900BA0BD8 /* Products */,
			);
			sourceTree = "<group>";
		};
		4323040619587FE900BA0BD8 /* Products */ = {
			isa = PBXGroup;
			children = (
				4323040519587FE900BA0BD8 /* VerletParticles.app */,
				4323041819587FE900BA0BD8 /* VerletParticlesTests.xctest */,
			);
			name = Products;
			sourceTree = "<group>";
		};
		4323040719587FE900BA0BD8 /* VerletParticles */ = {
			isa = PBXGroup;
			children = (
				4323040C19587FE900BA0BD8 /* AppDelegate.h */,
				4323040D19587FE900BA0BD8 /* AppDelegate.m */,
				4323040F19587FE900BA0BD8 /* Images.xcassets */,
				4323041119587FE900BA0BD8 /* MainMenu.xib */,
				4323040819587FE900BA0BD8 /* Supporting Files */,
			);
			path = VerletParticles;
			sourceTree = "<group>";
		};
		4323040819587FE900BA0BD8 /* Supporting Files */ = {
			isa = PBXGroup;
			children = (
				4323040919587FE900BA0BD8 /* Info.plist */,
				4323040A19587FE900BA0BD8 /* main.m */,
			);
			name = "Supporting Files";
			sourceTree = "<group>";
		};
		4323041B19587FE900BA0BD8 /* VerletParticlesTests */ = {
			isa = PBXGroup;
			children = (
				4323041E19587FE900BA0BD8 /* VerletParticlesTests.m */,
				4323041C19587FE900BA0BD8 /* Supporting Files */,
			);
			path = VerletParticlesTests;
			sourceTree = "<group>";
		};
		4323041C19587FE900BA0BD8 /* Supporting Files */ = {
			isa = PBXGroup;
			children = (
				4323041D19587FE900BA0BD8 /* Info.plist */,
			);
			name = "Supporting Files";
			sourceTree = "<group>";
		};
/* End PBXGroup section */

/* Begin PBXNativeTarget section */
		4323040419587FE900BA0BD8 /* VerletParticles */ = {
			isa = PBXNativeTarget;
			buildConfigurationList = 4323042219587FE900BA0BD8 /* Build configuration list for PBXNativeTarget "VerletParticles" */;
			buildPhases = (
				4323040119587FE900BA0BD8 /* Sources */,
				4323040219587FE900BA0BD8 /* Frameworks */,
				4323040319587FE900BA0BD8 /* Resources */,
			);
			buildRules = (
			);
			dependencies = (
			);
			name = VerletParticles;
			productName = VerletParticles;
			productReference = 4323040519587FE900BA0BD8 /* VerletParticles.app */;
			productType = "com.apple.product-type.application";
		};
		4323041719587FE900BA0BD8 /* VerletParticlesTests */ = {
			isa = PBXNativeTarget;
			buildConfigurationList = 4323042519587FE900BA0BD8 /* Build configuration list for PBXNativeTarget "VerletParticlesTests" */;
			buildPhases = (
				4323041419587FE900BA0BD8 /* Sources */,
				4323041519587FE900BA0BD8 /* Frameworks */,
				4323041619587FE900BA0BD8 /* Resources */,
			);
			buildRules = (
			);
			dependencies = (
				4323041A19587FE900BA0BD8 /* PBXTargetDependency */,
			);
			name = VerletParticlesTests;
			productName = VerletParticlesTests;
			productReference = 4323041819587FE900BA0BD8 /* VerletParticlesTests.xctest */;
			productType = "com.apple.product-type.bundle.unit-test";
		};
/* End PBXNativeTarget section */

/* Begin PBXProject section */
		432303FD19587FE900BA0BD8 /* Project object */ = {
			isa = PBXProject;
			attributes = {
				LastUpgradeCheck = 0600;
				ORGANIZATIONNAME = "James Milton";
				TargetAttributes = {
					4323040419587FE900BA0BD8 = {
						CreatedOnToolsVersion = 6.0;
					};
					4323041719587FE900BA0BD8 = {
						CreatedOnToolsVersion = 6.0;
						TestTargetID = 4323040419587FE900BA0BD8;
					};
				};
			};
			buildConfigurationList = 4323040019587FE900BA0BD8 /* Build configuration list for PBXProject "VerletParticles" */;
			compatibilityVersion = "Xcode 3.2";
			developmentRegion = English;
			hasScannedForEncodings = 0;
			knownRegions = (
				en,
				Base,
			);
			mainGroup = 432303FC19587FE900BA0BD8;
			productRefGroup = 4323040619587FE900BA0BD8 /* Products */;
			projectDirPath = "";
			projectRoot = "";
			targets = (
				4323040419587FE900BA0BD8 /* VerletParticles */,
				4323041719587FE900BA0BD8 /* VerletParticlesTests */,
			);
		};
/* End PBXProject section */

/* Begin PBXResourcesBuildPhase section */
		4323040319587FE900BA0BD8 /* Resources */ = {
			isa = PBXResourcesBuildPhase;
			buildActionMask = 2147483647;
			files = (
				4323041019587FE900BA0BD8 /* Images.xcassets in Resources */,
				4323041319587FE900BA0BD8 /* MainMenu.xib in Resources */,
			);
			runOnlyForDeploymentPostprocessing = 0;
		};
		4323041619587FE900BA0BD8 /* Resources */ = {
			isa = PBXResourcesBuildPhase;
			buildActionMask = 2147483647;
			files = (
			);
			runOnlyForDeploymentPostprocessing = 0;
		};
/* End PBXResourcesBuildPhase section */

/* Begin PBXSourcesBuildPhase section */
		4323040119587FE900BA0BD8 /* Sources */ = {
			isa = PBXSourcesBuildPhase;
			buildActionMask = 2147483647;
			files = (
				4323040E19587FE900BA0BD8 /* AppDelegate.m in Sources */,
				4323040B19587FE900BA0BD8 /* main.m in Sources */,
			);
			runOnlyForDeploymentPostprocessing = 0;
		};
		4323041419587FE900BA0BD8 /* Sources */ = {
			isa = PBXSourcesBuildPhase;
			buildActionMask = 2147483647;
			files = (
				4323041F19587FE900BA0BD8 /* VerletParticlesTests.m in Sources */,
			);
			runOnlyForDeploymentPostprocessing = 0;
		};
/* End PBXSourcesBuildPhase section */

/* Begin PBXTargetDependency section */
		4323041A19587FE900BA0BD8 /* PBXTargetDependency */ = {
			isa = PBXTargetDependency;
			target = 4323040419587FE900BA0BD8 /* VerletParticles */;
			targetProxy = 4323041919587FE900BA0BD8 /* PBXContainerItemProxy */;
		};
/* End PBXTargetDependency section */

/* Begin PBXVariantGroup section */
		4323041119587FE900BA0BD8 /* MainMenu.xib */ = {
			isa = PBXVariantGroup;
			children = (
				4323041219587FE900BA0BD8 /* Base */,
			);
			name = MainMenu.xib;
			sourceTree = "<group>";
		};
/* End PBXVariantGroup section */

/* Begin XCBuildConfiguration section */
		4323042019587FE900BA0BD8 /* Debug */ = {
			isa = XCBuildConfiguration;
			buildSettings = {
				ALWAYS_SEARCH_USER_PATHS = NO;
				CLANG_CXX_LANGUAGE_STANDARD = "gnu++0x";
				CLANG_CXX_LIBRARY = "libc++";
				CLANG_ENABLE_MODULES = YES;
				CLANG_ENABLE_OBJC_ARC = YES;
				CLANG_WARN_BOOL_CONVERSION = YES;
				CLANG_WARN_CONSTANT_CONVERSION = YES;
				CLANG_WARN_DIRECT_OBJC_ISA_USAGE = YES_ERROR;
				CLANG_WARN_EMPTY_BODY = YES;
				CLANG_WARN_ENUM_CONVERSION = YES;
				CLANG_WARN_INT_CONVERSION = YES;
				CLANG_WARN_OBJC_ROOT_CLASS = YES_ERROR;
				CLANG_WARN_UNREACHABLE_CODE = YES;
				CLANG_WARN__DUPLICATE_METHOD_MATCH = YES;
				CODE_SIGN_IDENTITY = "-";
				COPY_PHASE_STRIP = NO;
				ENABLE_STRICT_OBJC_MSGSEND = YES;
				GCC_C_LANGUAGE_STANDARD = gnu99;
				GCC_DYNAMIC_NO_PIC = NO;
				GCC_OPTIMIZATION_LEVEL = 0;
				GCC_PREPROCESSOR_DEFINITIONS = (
					"DEBUG=1",
					"$(inherited)",
				);
				GCC_SYMBOLS_PRIVATE_EXTERN = NO;
				GCC_WARN_64_TO_32_BIT_CONVERSION = YES;
				GCC_WARN_ABOUT_RETURN_TYPE = YES_ERROR;
				GCC_WARN_UNDECLARED_SELECTOR = YES;
				GCC_WARN_UNINITIALIZED_AUTOS = YES_AGGRESSIVE;
				GCC_WARN_UNUSED_FUNCTION = YES;
				GCC_WARN_UNUSED_VARIABLE = YES;
				MACOSX_DEPLOYMENT_TARGET = 10.9;
				METAL_ENABLE_DEBUG_INFO = YES;
				ONLY_ACTIVE_ARCH = YES;
				SDKROOT = macosx;
			};
			name = Debug;
		};
		4323042119587FE900BA0BD8 /* Release */ = {
			isa = XCBuildConfiguration;
			buildSettings = {
				ALWAYS_SEARCH_USER_PATHS = NO;
				CLANG_CXX_LANGUAGE_STANDARD = "gnu++0x";
				CLANG_CXX_LIBRARY = "libc++";
				CLANG_ENABLE_MODULES = YES;
				CLANG_ENABLE_OBJC_ARC = YES;
				CLANG_WARN_BOOL_CONVERSION = YES;
				CLANG_WARN_CONSTANT_CONVERSION = YES;
				CLANG_WARN_DIRECT_OBJC_ISA_USAGE = YES_ERROR;
				CLANG_WARN_EMPTY_BODY = YES;
				CLANG_WARN_ENUM_CONVERSION = YES;
				CLANG_WARN_INT_CONVERSION = YES;
				CLANG_WARN_OBJC_ROOT_CLASS = YES_ERROR;
				CLANG_WARN_UNREACHABLE_CODE = YES;
				CLANG_WARN__DUPLICATE_METHOD_MATCH = YES;
				CODE_SIGN_IDENTITY = "-";
				COPY_PHASE_STRIP = YES;
				DEBUG_INFORMATION_FORMAT = "dwarf-with-dsym";
				ENABLE_NS_ASSERTIONS = NO;
				ENABLE_STRICT_OBJC_MSGSEND = YES;
				GCC_C_LANGUAGE_STANDARD = gnu99;
				GCC_WARN_64_TO_32_BIT_CONVERSION = YES;
				GCC_WARN_ABOUT_RETURN_TYPE = YES_ERROR;
				GCC_WARN_UNDECLARED_SELECTOR = YES;
				GCC_WARN_UNINITIALIZED_AUTOS = YES_AGGRESSIVE;
				GCC_WARN_UNUSED_FUNCTION = YES;
				GCC_WARN_UNUSED_VARIABLE = YES;
				MACOSX_DEPLOYMENT_TARGET = 10.9;
				METAL_ENABLE_DEBUG_INFO = NO;
				SDKROOT = macosx;
			};
			name = Release;
		};
		4323042319587FE900BA0BD8 /* Debug */ = {
			isa = XCBuildConfiguration;
			buildSettings = {
				ASSETCATALOG_COMPILER_APPICON_NAME = AppIcon;
				COMBINE_HIDPI_IMAGES = YES;
				INFOPLIST_FILE = VerletParticles/Info.plist;
				LD_RUNPATH_SEARCH_PATHS = "$(inherited) @executable_path/../Frameworks";
				PRODUCT_NAME = "$(TARGET_NAME)";
			};
			name = Debug;
		};
		4323042419587FE900BA0BD8 /* Release */ = {
			isa = XCBuildConfiguration;
			buildSettings = {
				ASSETCATALOG_COMPILER_APPICON_NAME = AppIcon;
				COMBINE_HIDPI_IMAGES = YES;
				INFOPLIST_FILE = VerletParticles/Info.plist;
				LD_RUNPATH_SEARCH_PATHS = "$(inherited) @executable_path/../Frameworks";
				PRODUCT_NAME = "$(TARGET_NAME)";
			};
			name = Release;
		};
		4323042619587FE900BA0BD8 /* Debug */ = {
			isa = XCBuildConfiguration;
			buildSettings = {
				BUNDLE_LOADER = "$(BUILT_PRODUCTS_DIR)/VerletParticles.app/Contents/MacOS/VerletParticles";
				COMBINE_HIDPI_IMAGES = YES;
				FRAMEWORK_SEARCH_PATHS = (
					"$(DEVELOPER_FRAMEWORKS_DIR)",
					"$(inherited)",
				);
				GCC_PREPROCESSOR_DEFINITIONS = (
					"DEBUG=1",
					"$(inherited)",
				);
				INFOPLIST_FILE = VerletParticlesTests/Info.plist;
				LD_RUNPATH_SEARCH_PATHS = "$(inherited) @executable_path/../Frameworks @loader_path/../Frameworks";
				METAL_ENABLE_DEBUG_INFO = YES;
				PRODUCT_NAME = "$(TARGET_NAME)";
				TEST_HOST = "$(BUNDLE_LOADER)";
			};
			name = Debug;
		};
		4323042719587FE900BA0BD8 /* Release */ = {
			isa = XCBuildConfiguration;
			buildSettings = {
				BUNDLE_LOADER = "$(BUILT_PRODUCTS_DIR)/VerletParticles.app/Contents/MacOS/VerletParticles";
				COMBINE_HIDPI_IMAGES = YES;
				FRAMEWORK_SEARCH_PATHS = (
					"$(DEVELOPER_FRAMEWORKS_DIR)",
					"$(inherited)",
				);
				INFOPLIST_FILE = VerletParticlesTests/Info.plist;
				LD_RUNPATH_SEARCH_PATHS = "$(inherited) @executable_path/../Frameworks @loader_path/../Frameworks";
				METAL_ENABLE_DEBUG_INFO = NO;
				PRODUCT_NAME = "$(TARGET_NAME)";
				TEST_HOST = "$(BUNDLE_LOADER)";
			};
			name = Release;
		};
/* End XCBuildConfiguration section */

/* Begin XCConfigurationList section */
		4323040019587FE900BA0BD8 /* Build configuration list for PBXProject "VerletParticles" */ = {
			isa = XCConfigurationList;
			buildConfigurations = (
				4323042019587FE900BA0BD8 /* Debug */,
				4323042119587FE900BA0BD8 /* Release */,
			);
			defaultConfigurationIsVisible = 0;
			defaultConfigurationName = Release;
		};
		4323042219587FE900BA0BD8 /* Build configuration list for PBXNativeTarget "VerletParticles" */ = {
			isa = XCConfigurationList;
			buildConfigurations = (
				4323042319587FE900BA0BD8 /* Debug */,
				4323042419587FE900BA0BD8 /* Release */,
			);
			defaultConfigurationIsVisible = 0;
		};
		4323042519587FE900BA0BD8 /* Build configuration list for PBXNativeTarget "VerletParticlesTests" */ = {
			isa = XCConfigurationList;
			buildConfigurations = (
				4323042619587FE900BA0BD8 /* Debug */,
				4323042719587FE900BA0BD8 /* Release */,
			);
			defaultConfigurationIsVisible = 0;
		};
/* End XCConfigurationList section */
	};
	rootObject = 432303FD19587FE900BA0BD8 /* Project object */;
}
